// !$*UTF8*$!
{
	archiveVersion = 1;
	classes = {
	};
	objectVersion = 56;
	objects = {

/* Begin PBXBuildFile section */
		ACB1FE012B1178740073F4C0 /* main.cpp in Sources */ = {isa = PBXBuildFile; fileRef = ACB1FE002B1178740073F4C0 /* main.cpp */; };
		ACB1FE092B117A520073F4C0 /* Vehicle.cpp in Sources */ = {isa = PBXBuildFile; fileRef = ACB1FE082B117A520073F4C0 /* Vehicle.cpp */; };
		ACB1FE0D2B11A7FA0073F4C0 /* Car.cpp in Sources */ = {isa = PBXBuildFile; fileRef = ACB1FE0B2B11A7FA0073F4C0 /* Car.cpp */; };
		ACB1FE112B11A82A0073F4C0 /* Truck.cpp in Sources */ = {isa = PBXBuildFile; fileRef = ACB1FE0F2B11A82A0073F4C0 /* Truck.cpp */; };
/* End PBXBuildFile section */

/* Begin PBXCopyFilesBuildPhase section */
		ACB1FDFB2B1178740073F4C0 /* CopyFiles */ = {
			isa = PBXCopyFilesBuildPhase;
			buildActionMask = 2147483647;
			dstPath = /usr/share/man/man1/;
			dstSubfolderSpec = 0;
			files = (
			);
			runOnlyForDeploymentPostprocessing = 1;
		};
/* End PBXCopyFilesBuildPhase section */

/* Begin PBXFileReference section */
		ACB1FDFD2B1178740073F4C0 /* CIS_1202_201_Program_14_Inheritance */ = {isa = PBXFileReference; explicitFileType = "compiled.mach-o.executable"; includeInIndex = 0; path = CIS_1202_201_Program_14_Inheritance; sourceTree = BUILT_PRODUCTS_DIR; };
		ACB1FE002B1178740073F4C0 /* main.cpp */ = {isa = PBXFileReference; lastKnownFileType = sourcecode.cpp.cpp; path = main.cpp; sourceTree = "<group>"; };
		ACB1FE072B117A180073F4C0 /* Vehicle.h */ = {isa = PBXFileReference; lastKnownFileType = sourcecode.c.h; path = Vehicle.h; sourceTree = "<group>"; };
		ACB1FE082B117A520073F4C0 /* Vehicle.cpp */ = {isa = PBXFileReference; lastKnownFileType = sourcecode.cpp.cpp; path = Vehicle.cpp; sourceTree = "<group>"; };
		ACB1FE0A2B11A7D80073F4C0 /* Car.h */ = {isa = PBXFileReference; lastKnownFileType = sourcecode.c.h; path = Car.h; sourceTree = "<group>"; };
		ACB1FE0B2B11A7FA0073F4C0 /* Car.cpp */ = {isa = PBXFileReference; lastKnownFileType = sourcecode.cpp.cpp; path = Car.cpp; sourceTree = "<group>"; };
		ACB1FE0E2B11A8160073F4C0 /* Truck.h */ = {isa = PBXFileReference; lastKnownFileType = sourcecode.c.h; path = Truck.h; sourceTree = "<group>"; };
		ACB1FE0F2B11A82A0073F4C0 /* Truck.cpp */ = {isa = PBXFileReference; lastKnownFileType = sourcecode.cpp.cpp; path = Truck.cpp; sourceTree = "<group>"; };
/* End PBXFileReference section */

/* Begin PBXFrameworksBuildPhase section */
		ACB1FDFA2B1178740073F4C0 /* Frameworks */ = {
			isa = PBXFrameworksBuildPhase;
			buildActionMask = 2147483647;
			files = (
			);
			runOnlyForDeploymentPostprocessing = 0;
		};
/* End PBXFrameworksBuildPhase section */

/* Begin PBXGroup section */
		ACB1FDF42B1178740073F4C0 = {
			isa = PBXGroup;
			children = (
				ACB1FDFF2B1178740073F4C0 /* CIS_1202_201_Program_14_Inheritance */,
				ACB1FDFE2B1178740073F4C0 /* Products */,
			);
			sourceTree = "<group>";
		};
		ACB1FDFE2B1178740073F4C0 /* Products */ = {
			isa = PBXGroup;
			children = (
				ACB1FDFD2B1178740073F4C0 /* CIS_1202_201_Program_14_Inheritance */,
			);
			name = Products;
			sourceTree = "<group>";
		};
		ACB1FDFF2B1178740073F4C0 /* CIS_1202_201_Program_14_Inheritance */ = {
			isa = PBXGroup;
			children = (
				ACB1FE002B1178740073F4C0 /* main.cpp */,
				ACB1FE0A2B11A7D80073F4C0 /* Car.h */,
				ACB1FE0B2B11A7FA0073F4C0 /* Car.cpp */,
				ACB1FE0E2B11A8160073F4C0 /* Truck.h */,
				ACB1FE0F2B11A82A0073F4C0 /* Truck.cpp */,
				ACB1FE072B117A180073F4C0 /* Vehicle.h */,
				ACB1FE082B117A520073F4C0 /* Vehicle.cpp */,
			);
			path = CIS_1202_201_Program_14_Inheritance;
			sourceTree = "<group>";
		};
/* End PBXGroup section */

/* Begin PBXNativeTarget section */
		ACB1FDFC2B1178740073F4C0 /* CIS_1202_201_Program_14_Inheritance */ = {
			isa = PBXNativeTarget;
			buildConfigurationList = ACB1FE042B1178740073F4C0 /* Build configuration list for PBXNativeTarget "CIS_1202_201_Program_14_Inheritance" */;
			buildPhases = (
				ACB1FDF92B1178740073F4C0 /* Sources */,
				ACB1FDFA2B1178740073F4C0 /* Frameworks */,
				ACB1FDFB2B1178740073F4C0 /* CopyFiles */,
			);
			buildRules = (
			);
			dependencies = (
			);
			name = CIS_1202_201_Program_14_Inheritance;
			productName = CIS_1202_201_Program_14_Inheritance;
			productReference = ACB1FDFD2B1178740073F4C0 /* CIS_1202_201_Program_14_Inheritance */;
			productType = "com.apple.product-type.tool";
		};
/* End PBXNativeTarget section */

/* Begin PBXProject section */
		ACB1FDF52B1178740073F4C0 /* Project object */ = {
			isa = PBXProject;
			attributes = {
				BuildIndependentTargetsInParallel = 1;
				LastUpgradeCheck = 1420;
				TargetAttributes = {
					ACB1FDFC2B1178740073F4C0 = {
						CreatedOnToolsVersion = 14.2;
					};
				};
			};
			buildConfigurationList = ACB1FDF82B1178740073F4C0 /* Build configuration list for PBXProject "CIS_1202_201_Program_14_Inheritance" */;
			compatibilityVersion = "Xcode 14.0";
			developmentRegion = en;
			hasScannedForEncodings = 0;
			knownRegions = (
				en,
				Base,
			);
			mainGroup = ACB1FDF42B1178740073F4C0;
			productRefGroup = ACB1FDFE2B1178740073F4C0 /* Products */;
			projectDirPath = "";
			projectRoot = "";
			targets = (
				ACB1FDFC2B1178740073F4C0 /* CIS_1202_201_Program_14_Inheritance */,
			);
		};
/* End PBXProject section */

/* Begin PBXSourcesBuildPhase section */
		ACB1FDF92B1178740073F4C0 /* Sources */ = {
			isa = PBXSourcesBuildPhase;
			buildActionMask = 2147483647;
			files = (
				ACB1FE0D2B11A7FA0073F4C0 /* Car.cpp in Sources */,
				ACB1FE092B117A520073F4C0 /* Vehicle.cpp in Sources */,
				ACB1FE012B1178740073F4C0 /* main.cpp in Sources */,
				ACB1FE112B11A82A0073F4C0 /* Truck.cpp in Sources */,
			);
			runOnlyForDeploymentPostprocessing = 0;
		};
/* End PBXSourcesBuildPhase section */

/* Begin XCBuildConfiguration section */
		ACB1FE022B1178740073F4C0 /* Debug */ = {
			isa = XCBuildConfiguration;
			buildSettings = {
				ALWAYS_SEARCH_USER_PATHS = NO;
				CLANG_ANALYZER_NONNULL = YES;
				CLANG_ANALYZER_NUMBER_OBJECT_CONVERSION = YES_AGGRESSIVE;
				CLANG_CXX_LANGUAGE_STANDARD = "gnu++20";
				CLANG_ENABLE_MODULES = YES;
				CLANG_ENABLE_OBJC_ARC = YES;
				CLANG_ENABLE_OBJC_WEAK = YES;
				CLANG_WARN_BLOCK_CAPTURE_AUTORELEASING = YES;
				CLANG_WARN_BOOL_CONVERSION = YES;
				CLANG_WARN_COMMA = YES;
				CLANG_WARN_CONSTANT_CONVERSION = YES;
				CLANG_WARN_DEPRECATED_OBJC_IMPLEMENTATIONS = YES;
				CLANG_WARN_DIRECT_OBJC_ISA_USAGE = YES_ERROR;
				CLANG_WARN_DOCUMENTATION_COMMENTS = YES;
				CLANG_WARN_EMPTY_BODY = YES;
				CLANG_WARN_ENUM_CONVERSION = YES;
				CLANG_WARN_INFINITE_RECURSION = YES;
				CLANG_WARN_INT_CONVERSION = YES;
				CLANG_WARN_NON_LITERAL_NULL_CONVERSION = YES;
				CLANG_WARN_OBJC_IMPLICIT_RETAIN_SELF = YES;
				CLANG_WARN_OBJC_LITERAL_CONVERSION = YES;
				CLANG_WARN_OBJC_ROOT_CLASS = YES_ERROR;
				CLANG_WARN_QUOTED_INCLUDE_IN_FRAMEWORK_HEADER = YES;
				CLANG_WARN_RANGE_LOOP_ANALYSIS = YES;
				CLANG_WARN_STRICT_PROTOTYPES = YES;
				CLANG_WARN_SUSPICIOUS_MOVE = YES;
				CLANG_WARN_UNGUARDED_AVAILABILITY = YES_AGGRESSIVE;
				CLANG_WARN_UNREACHABLE_CODE = YES;
				CLANG_WARN__DUPLICATE_METHOD_MATCH = YES;
				COPY_PHASE_STRIP = NO;
				DEBUG_INFORMATION_FORMAT = dwarf;
				ENABLE_STRICT_OBJC_MSGSEND = YES;
				ENABLE_TESTABILITY = YES;
				GCC_C_LANGUAGE_STANDARD = gnu11;
				GCC_DYNAMIC_NO_PIC = NO;
				GCC_NO_COMMON_BLOCKS = YES;
				GCC_OPTIMIZATION_LEVEL = 0;
				GCC_PREPROCESSOR_DEFINITIONS = (
					"DEBUG=1",
					"$(inherited)",
				);
				GCC_WARN_64_TO_32_BIT_CONVERSION = YES;
				GCC_WARN_ABOUT_RETURN_TYPE = YES_ERROR;
				GCC_WARN_UNDECLARED_SELECTOR = YES;
				GCC_WARN_UNINITIALIZED_AUTOS = YES_AGGRESSIVE;
				GCC_WARN_UNUSED_FUNCTION = YES;
				GCC_WARN_UNUSED_VARIABLE = YES;
				MACOSX_DEPLOYMENT_TARGET = 12.6;
				MTL_ENABLE_DEBUG_INFO = INCLUDE_SOURCE;
				MTL_FAST_MATH = YES;
				ONLY_ACTIVE_ARCH = YES;
				SDKROOT = macosx;
			};
			name = Debug;
		};
		ACB1FE032B1178740073F4C0 /* Release */ = {
			isa = XCBuildConfiguration;
			buildSettings = {
				ALWAYS_SEARCH_USER_PATHS = NO;
				CLANG_ANALYZER_NONNULL = YES;
				CLANG_ANALYZER_NUMBER_OBJECT_CONVERSION = YES_AGGRESSIVE;
				CLANG_CXX_LANGUAGE_STANDARD = "gnu++20";
				CLANG_ENABLE_MODULES = YES;
				CLANG_ENABLE_OBJC_ARC = YES;
				CLANG_ENABLE_OBJC_WEAK = YES;
				CLANG_WARN_BLOCK_CAPTURE_AUTORELEASING = YES;
				CLANG_WARN_BOOL_CONVERSION = YES;
				CLANG_WARN_COMMA = YES;
				CLANG_WARN_CONSTANT_CONVERSION = YES;
				CLANG_WARN_DEPRECATED_OBJC_IMPLEMENTATIONS = YES;
				CLANG_WARN_DIRECT_OBJC_ISA_USAGE = YES_ERROR;
				CLANG_WARN_DOCUMENTATION_COMMENTS = YES;
				CLANG_WARN_EMPTY_BODY = YES;
				CLANG_WARN_ENUM_CONVERSION = YES;
				CLANG_WARN_INFINITE_RECURSION = YES;
				CLANG_WARN_INT_CONVERSION = YES;
				CLANG_WARN_NON_LITERAL_NULL_CONVERSION = YES;
				CLANG_WARN_OBJC_IMPLICIT_RETAIN_SELF = YES;
				CLANG_WARN_OBJC_LITERAL_CONVERSION = YES;
				CLANG_WARN_OBJC_ROOT_CLASS = YES_ERROR;
				CLANG_WARN_QUOTED_INCLUDE_IN_FRAMEWORK_HEADER = YES;
				CLANG_WARN_RANGE_LOOP_ANALYSIS = YES;
				CLANG_WARN_STRICT_PROTOTYPES = YES;
				CLANG_WARN_SUSPICIOUS_MOVE = YES;
				CLANG_WARN_UNGUARDED_AVAILABILITY = YES_AGGRESSIVE;
				CLANG_WARN_UNREACHABLE_CODE = YES;
				CLANG_WARN__DUPLICATE_METHOD_MATCH = YES;
				COPY_PHASE_STRIP = NO;
				DEBUG_INFORMATION_FORMAT = "dwarf-with-dsym";
				ENABLE_NS_ASSERTIONS = NO;
				ENABLE_STRICT_OBJC_MSGSEND = YES;
				GCC_C_LANGUAGE_STANDARD = gnu11;
				GCC_NO_COMMON_BLOCKS = YES;
				GCC_WARN_64_TO_32_BIT_CONVERSION = YES;
				GCC_WARN_ABOUT_RETURN_TYPE = YES_ERROR;
				GCC_WARN_UNDECLARED_SELECTOR = YES;
				GCC_WARN_UNINITIALIZED_AUTOS = YES_AGGRESSIVE;
				GCC_WARN_UNUSED_FUNCTION = YES;
				GCC_WARN_UNUSED_VARIABLE = YES;
				MACOSX_DEPLOYMENT_TARGET = 12.6;
				MTL_ENABLE_DEBUG_INFO = NO;
				MTL_FAST_MATH = YES;
				SDKROOT = macosx;
			};
			name = Release;
		};
		ACB1FE052B1178740073F4C0 /* Debug */ = {
			isa = XCBuildConfiguration;
			buildSettings = {
				CODE_SIGN_STYLE = Automatic;
				DEVELOPMENT_TEAM = 6LNVC6H4XX;
				ENABLE_HARDENED_RUNTIME = YES;
				PRODUCT_NAME = "$(TARGET_NAME)";
			};
			name = Debug;
		};
		ACB1FE062B1178740073F4C0 /* Release */ = {
			isa = XCBuildConfiguration;
			buildSettings = {
				CODE_SIGN_STYLE = Automatic;
				DEVELOPMENT_TEAM = 6LNVC6H4XX;
				ENABLE_HARDENED_RUNTIME = YES;
				PRODUCT_NAME = "$(TARGET_NAME)";
			};
			name = Release;
		};
/* End XCBuildConfiguration section */

/* Begin XCConfigurationList section */
		ACB1FDF82B1178740073F4C0 /* Build configuration list for PBXProject "CIS_1202_201_Program_14_Inheritance" */ = {
			isa = XCConfigurationList;
			buildConfigurations = (
				ACB1FE022B1178740073F4C0 /* Debug */,
				ACB1FE032B1178740073F4C0 /* Release */,
			);
			defaultConfigurationIsVisible = 0;
			defaultConfigurationName = Release;
		};
		ACB1FE042B1178740073F4C0 /* Build configuration list for PBXNativeTarget "CIS_1202_201_Program_14_Inheritance" */ = {
			isa = XCConfigurationList;
			buildConfigurations = (
				ACB1FE052B1178740073F4C0 /* Debug */,
				ACB1FE062B1178740073F4C0 /* Release */,
			);
			defaultConfigurationIsVisible = 0;
			defaultConfigurationName = Release;
		};
/* End XCConfigurationList section */
	};
	rootObject = ACB1FDF52B1178740073F4C0 /* Project object */;
}
